
Microsoft Visual Studio Solution File, Format Version 12.00
# Visual Studio 14
VisualStudioVersion = 14.0.24720.0
MinimumVisualStudioVersion = 10.0.40219.1
Project("{FAE04EC0-301F-11D3-BF4B-00C04F79EFBC}") = "BombermanGame", "BombermanGame\BombermanGame.csproj", "{6C090C5F-2EE5-4CAE-B6A3-7785282EE0A9}"
EndProject
Project("{FAE04EC0-301F-11D3-BF4B-00C04F79EFBC}") = "RenderEngine", "RenderEngine\RenderEngine.csproj", "{9AC01B30-1032-437B-B48B-E4C941C26FED}"
EndProject
Global
	GlobalSection(SolutionConfigurationPlatforms) = preSolution
		Debug|Any CPU = Debug|Any CPU
		Release|Any CPU = Release|Any CPU
	EndGlobalSection
	GlobalSection(ProjectConfigurationPlatforms) = postSolution
		{6C090C5F-2EE5-4CAE-B6A3-7785282EE0A9}.Debug|Any CPU.ActiveCfg = Debug|Any CPU
		{6C090C5F-2EE5-4CAE-B6A3-7785282EE0A9}.Debug|Any CPU.Build.0 = Debug|Any CPU
		{6C090C5F-2EE5-4CAE-B6A3-7785282EE0A9}.Release|Any CPU.ActiveCfg = Release|Any CPU
		{6C090C5F-2EE5-4CAE-B6A3-7785282EE0A9}.Release|Any CPU.Build.0 = Release|Any CPU
		{9AC01B30-1032-437B-B48B-E4C941C26FED}.Debug|Any CPU.ActiveCfg = Debug|Any CPU
		{9AC01B30-1032-437B-B48B-E4C941C26FED}.Debug|Any CPU.Build.0 = Debug|Any CPU
		{9AC01B30-1032-437B-B48B-E4C941C26FED}.Release|Any CPU.ActiveCfg = Release|Any CPU
		{9AC01B30-1032-437B-B48B-E4C941C26FED}.Release|Any CPU.Build.0 = Release|Any CPU
	EndGlobalSection
	GlobalSection(SolutionProperties) = preSolution
		HideSolutionNode = FALSE
	EndGlobalSection
EndGlobal
